
Microsoft Visual Studio Solution File, Format Version 12.00
# Visual Studio 15
VisualStudioVersion = 15.0.27004.2006
MinimumVisualStudioVersion = 10.0.40219.1
Project("{FAE04EC0-301F-11D3-BF4B-00C04F79EFBC}") = "MADERA_1", "MADERA_1\MADERA_1.csproj", "{F824BF8F-5E6B-4821-92FA-9949496704C9}"
EndProject
Global
	GlobalSection(SolutionConfigurationPlatforms) = preSolution
		Debug|Any CPU = Debug|Any CPU
		Release|Any CPU = Release|Any CPU
	EndGlobalSection
	GlobalSection(ProjectConfigurationPlatforms) = postSolution
		{F824BF8F-5E6B-4821-92FA-9949496704C9}.Debug|Any CPU.ActiveCfg = Debug|Any CPU
		{F824BF8F-5E6B-4821-92FA-9949496704C9}.Debug|Any CPU.Build.0 = Debug|Any CPU
		{F824BF8F-5E6B-4821-92FA-9949496704C9}.Release|Any CPU.ActiveCfg = Release|Any CPU
		{F824BF8F-5E6B-4821-92FA-9949496704C9}.Release|Any CPU.Build.0 = Release|Any CPU
	EndGlobalSection
	GlobalSection(SolutionProperties) = preSolution
		HideSolutionNode = FALSE
	EndGlobalSection
	GlobalSection(ExtensibilityGlobals) = postSolution
		SolutionGuid = {C81B63FF-BAD9-4712-993C-FCD76B50B85D}
	EndGlobalSection
EndGlobal
